{
    "_readme": [
        "This file locks the dependencies of your project to a known state",
        "Read more about it at https://getcomposer.org/doc/01-basic-usage.md#composer-lock-the-lock-file",
        "This file is @generated automatically"
    ],
    "hash": "561e2a2b75ac483042c20b4fec72d5c5",
    "content-hash": "8aa5d7506db42b3ffe746f014f355633",
    "packages": [
        {
            "name": "nette/utils",
            "version": "v2.4.4",
            "source": {
                "type": "git",
                "url": "https://github.com/nette/utils.git",
                "reference": "714afb64d0da07d0da7178cbf5680008e4b0180b"
            },
            "dist": {
                "type": "zip",
                "url": "https://api.github.com/repos/nette/utils/zipball/714afb64d0da07d0da7178cbf5680008e4b0180b",
                "reference": "714afb64d0da07d0da7178cbf5680008e4b0180b",
                "shasum": ""
            },
            "require": {
                "php": ">=5.6.0"
            },
            "conflict": {
                "nette/nette": "<2.2"
            },
            "require-dev": {
                "nette/tester": "~2.0",
                "tracy/tracy": "^2.3"
            },
            "suggest": {
                "ext-gd": "to use Image",
                "ext-iconv": "to use Strings::webalize() and toAscii()",
                "ext-intl": "for script transliteration in Strings::webalize() and toAscii()",
                "ext-json": "to use Nette\\Utils\\Json",
                "ext-mbstring": "to use Strings::lower() etc...",
                "ext-xml": "to use Strings::length() etc. when mbstring is not available"
            },
            "type": "library",
            "extra": {
                "branch-alias": {
                    "dev-master": "2.4-dev"
                }
            },
            "autoload": {
                "classmap": [
                    "src/"
                ]
            },
            "notification-url": "https://packagist.org/downloads/",
            "license": [
                "BSD-3-Clause",
                "GPL-2.0",
                "GPL-3.0"
            ],
            "authors": [
                {
                    "name": "David Grudl",
                    "homepage": "https://davidgrudl.com"
                },
                {
                    "name": "Nette Community",
                    "homepage": "https://nette.org/contributors"
                }
            ],
            "description": "Nette Utility Classes",
            "homepage": "https://nette.org",
            "time": "2017-01-16 12:30:14"
        },
        {
            "name": "tracy/tracy",
            "version": "v2.4.6",
            "source": {
                "type": "git",
                "url": "https://github.com/nette/tracy.git",
                "reference": "c9fbca15b0a11d904c7783b7aad114182618d8d4"
            },
            "dist": {
                "type": "zip",
                "url": "https://api.github.com/repos/nette/tracy/zipball/c9fbca15b0a11d904c7783b7aad114182618d8d4",
                "reference": "c9fbca15b0a11d904c7783b7aad114182618d8d4",
                "shasum": ""
            },
            "require": {
                "ext-json": "*",
                "ext-session": "*",
                "php": ">=5.4.4"
            },
            "require-dev": {
                "nette/di": "~2.3",
                "nette/tester": "~2.0"
            },
            "type": "library",
            "extra": {
                "branch-alias": {
                    "dev-master": "2.4-dev"
                }
            },
            "autoload": {
                "classmap": [
                    "src"
                ],
                "files": [
                    "src/shortcuts.php"
                ]
            },
            "notification-url": "https://packagist.org/downloads/",
            "license": [
                "BSD-3-Clause",
                "GPL-2.0",
                "GPL-3.0"
            ],
            "authors": [
                {
                    "name": "David Grudl",
                    "homepage": "https://davidgrudl.com"
                },
                {
                    "name": "Nette Community",
                    "homepage": "https://nette.org/contributors"
                }
            ],
            "description": "Tracy: useful PHP debugger",
            "homepage": "https://tracy.nette.org",
            "keywords": [
                "debug",
                "debugger",
                "nette"
            ],
            "time": "2017-01-29 19:39:20"
        },
        {
            "name": "vrana/notorm",
            "version": "dev-master",
            "source": {
                "type": "git",
                "url": "https://github.com/vrana/notorm.git",
                "reference": "e49d5d2f1bfe440dc82b61f46172635dfcb6f6dd"
            },
            "dist": {
                "type": "zip",
                "url": "https://api.github.com/repos/vrana/notorm/zipball/e49d5d2f1bfe440dc82b61f46172635dfcb6f6dd",
                "reference": "e49d5d2f1bfe440dc82b61f46172635dfcb6f6dd",
                "shasum": ""
            },
            "type": "library",
            "autoload": {
                "files": [
                    "NotORM.php"
                ]
            },
            "notification-url": "https://packagist.org/downloads/",
            "license": [
                "Apache-2.0",
                "GPL-2.0+"
            ],
            "authors": [
                {
                    "name": "Jakub Vrána",
                    "homepage": "http://www.vrana.cz/"
                }
            ],
            "description": "NotORM is a PHP library for simple working with data in the database.",
            "homepage": "http://www.notorm.com/",
            "keywords": [
                "database",
                "dbal"
            ],
            "time": "2014-10-30 16:55:08"
        },
        {
            "name": "yep/reflection",
            "version": "v1.0.1",
            "source": {
                "type": "git",
                "url": "https://github.com/YepFoundation/reflection.git",
                "reference": "292cfa8bc013b12af9cca72efc17f6d8ce1ec9b9"
            },
            "dist": {
                "type": "zip",
                "url": "https://api.github.com/repos/YepFoundation/reflection/zipball/292cfa8bc013b12af9cca72efc17f6d8ce1ec9b9",
                "reference": "292cfa8bc013b12af9cca72efc17f6d8ce1ec9b9",
                "shasum": ""
            },
            "require": {
                "php": ">=5.4.0"
            },
            "require-dev": {
                "phpunit/phpunit": "4.*"
            },
            "type": "library",
            "autoload": {
                "classmap": [
                    "src/"
                ]
            },
            "notification-url": "https://packagist.org/downloads/",
            "license": [
                "BSD-3-Clause",
                "GPL-2.0",
                "GPL-3.0"
            ],
            "authors": [
                {
                    "name": "Martin Zeman (Zemistr)",
                    "homepage": "http://zemistr.eu"
                }
            ],
            "description": "PHP class reflection enhancements",
            "homepage": "https://github.com/YepFoundation/reflection",
            "keywords": [
                "reflection"
            ],
            "time": "2016-01-12 12:19:55"
        }
    ],
    "packages-dev": [],
    "aliases": [],
    "minimum-stability": "stable",
    "stability-flags": {
        "vrana/notorm": 20
    },
    "prefer-stable": false,
    "prefer-lowest": false,
    "platform": {
        "php": ">=5.5.0"
    },
    "platform-dev": []
}
